
Microsoft Visual Studio Solution File, Format Version 12.00
# Visual Studio Version 17
VisualStudioVersion = 17.8.34330.188
MinimumVisualStudioVersion = 10.0.40219.1
Project("{2150E333-8FDC-42A3-9474-1A3956D46DE8}") = "Management", "Management", "{04834618-0DB9-4EC9-8D3A-13AC1F165720}"
EndProject
Project("{2150E333-8FDC-42A3-9474-1A3956D46DE8}") = "Search", "Search", "{0047A815-6E25-4180-B9C0-E8CF4D2D314E}"
EndProject
Project("{2150E333-8FDC-42A3-9474-1A3956D46DE8}") = "Notification", "Notification", "{BA261816-5A98-40A0-9774-13F3980B72CC}"
EndProject
Project("{9A19103F-16F7-4668-BE54-9A1E7A4F7556}") = "Management.API", "Management\Management.API\Management.API.csproj", "{DC32F22D-865A-44AE-B964-04395526CE9B}"
EndProject
Project("{9A19103F-16F7-4668-BE54-9A1E7A4F7556}") = "Management.Core", "Management\Management.Core\Management.Core.csproj", "{A03034D9-496E-443F-AF63-1F95C5F94AAD}"
EndProject
Project("{9A19103F-16F7-4668-BE54-9A1E7A4F7556}") = "Management.Infrastructure", "Management\Management.Infrastructure\Management.Infrastructure.csproj", "{D52932F0-43D9-40C5-97CF-AE1811B2E932}"
EndProject
Project("{9A19103F-16F7-4668-BE54-9A1E7A4F7556}") = "Gateway", "Gateway\Gateway.csproj", "{0979CC8A-8D34-4261-A76C-99309703EB47}"
EndProject
Project("{9A19103F-16F7-4668-BE54-9A1E7A4F7556}") = "Search.API", "Search\Search.API\Search.API.csproj", "{6C2DB56F-AD3B-458A-BA3E-3668290ED815}"
EndProject
Project("{9A19103F-16F7-4668-BE54-9A1E7A4F7556}") = "Shared", "Shared\Shared.csproj", "{79AF4B17-5624-4EF5-A336-C3A70F7F5BB9}"
EndProject
Project("{2150E333-8FDC-42A3-9474-1A3956D46DE8}") = "Social", "Social", "{EB762B33-FBCE-4F1E-8006-B366464B02E4}"
EndProject
Project("{9A19103F-16F7-4668-BE54-9A1E7A4F7556}") = "Social.API", "Social\Social.API\Social.API.csproj", "{0DC2EE65-D48E-41FE-9309-5C3F2AC0F053}"
EndProject
Project("{9A19103F-16F7-4668-BE54-9A1E7A4F7556}") = "Social.Core", "Social\Social.Core\Social.Core.csproj", "{9BE82113-553A-425F-AF0A-0663CD230C2A}"
EndProject
Project("{9A19103F-16F7-4668-BE54-9A1E7A4F7556}") = "Social.Infrastructure", "Social\Social.Infrastructure\Social.Infrastructure.csproj", "{57B12639-BA0D-49D0-A924-6F91F3B52EFB}"
EndProject
Project("{9A19103F-16F7-4668-BE54-9A1E7A4F7556}") = "Notification.Api", "Notification\Notification.Api\Notification.Api.csproj", "{39C1D235-5CCF-4839-9CA3-F8FE69765A75}"
EndProject
Global
	GlobalSection(SolutionConfigurationPlatforms) = preSolution
		Debug|Any CPU = Debug|Any CPU
		Release|Any CPU = Release|Any CPU
	EndGlobalSection
	GlobalSection(ProjectConfigurationPlatforms) = postSolution
		{DC32F22D-865A-44AE-B964-04395526CE9B}.Debug|Any CPU.ActiveCfg = Debug|Any CPU
		{DC32F22D-865A-44AE-B964-04395526CE9B}.Debug|Any CPU.Build.0 = Debug|Any CPU
		{DC32F22D-865A-44AE-B964-04395526CE9B}.Release|Any CPU.ActiveCfg = Release|Any CPU
		{DC32F22D-865A-44AE-B964-04395526CE9B}.Release|Any CPU.Build.0 = Release|Any CPU
		{A03034D9-496E-443F-AF63-1F95C5F94AAD}.Debug|Any CPU.ActiveCfg = Debug|Any CPU
		{A03034D9-496E-443F-AF63-1F95C5F94AAD}.Debug|Any CPU.Build.0 = Debug|Any CPU
		{A03034D9-496E-443F-AF63-1F95C5F94AAD}.Release|Any CPU.ActiveCfg = Release|Any CPU
		{A03034D9-496E-443F-AF63-1F95C5F94AAD}.Release|Any CPU.Build.0 = Release|Any CPU
		{D52932F0-43D9-40C5-97CF-AE1811B2E932}.Debug|Any CPU.ActiveCfg = Debug|Any CPU
		{D52932F0-43D9-40C5-97CF-AE1811B2E932}.Debug|Any CPU.Build.0 = Debug|Any CPU
		{D52932F0-43D9-40C5-97CF-AE1811B2E932}.Release|Any CPU.ActiveCfg = Release|Any CPU
		{D52932F0-43D9-40C5-97CF-AE1811B2E932}.Release|Any CPU.Build.0 = Release|Any CPU
		{0979CC8A-8D34-4261-A76C-99309703EB47}.Debug|Any CPU.ActiveCfg = Debug|Any CPU
		{0979CC8A-8D34-4261-A76C-99309703EB47}.Debug|Any CPU.Build.0 = Debug|Any CPU
		{0979CC8A-8D34-4261-A76C-99309703EB47}.Release|Any CPU.ActiveCfg = Release|Any CPU
		{0979CC8A-8D34-4261-A76C-99309703EB47}.Release|Any CPU.Build.0 = Release|Any CPU
		{6C2DB56F-AD3B-458A-BA3E-3668290ED815}.Debug|Any CPU.ActiveCfg = Debug|Any CPU
		{6C2DB56F-AD3B-458A-BA3E-3668290ED815}.Debug|Any CPU.Build.0 = Debug|Any CPU
		{6C2DB56F-AD3B-458A-BA3E-3668290ED815}.Release|Any CPU.ActiveCfg = Release|Any CPU
		{6C2DB56F-AD3B-458A-BA3E-3668290ED815}.Release|Any CPU.Build.0 = Release|Any CPU
		{79AF4B17-5624-4EF5-A336-C3A70F7F5BB9}.Debug|Any CPU.ActiveCfg = Debug|Any CPU
		{79AF4B17-5624-4EF5-A336-C3A70F7F5BB9}.Debug|Any CPU.Build.0 = Debug|Any CPU
		{79AF4B17-5624-4EF5-A336-C3A70F7F5BB9}.Release|Any CPU.ActiveCfg = Release|Any CPU
		{79AF4B17-5624-4EF5-A336-C3A70F7F5BB9}.Release|Any CPU.Build.0 = Release|Any CPU
		{0DC2EE65-D48E-41FE-9309-5C3F2AC0F053}.Debug|Any CPU.ActiveCfg = Debug|Any CPU
		{0DC2EE65-D48E-41FE-9309-5C3F2AC0F053}.Debug|Any CPU.Build.0 = Debug|Any CPU
		{0DC2EE65-D48E-41FE-9309-5C3F2AC0F053}.Release|Any CPU.ActiveCfg = Release|Any CPU
		{0DC2EE65-D48E-41FE-9309-5C3F2AC0F053}.Release|Any CPU.Build.0 = Release|Any CPU
		{9BE82113-553A-425F-AF0A-0663CD230C2A}.Debug|Any CPU.ActiveCfg = Debug|Any CPU
		{9BE82113-553A-425F-AF0A-0663CD230C2A}.Debug|Any CPU.Build.0 = Debug|Any CPU
		{9BE82113-553A-425F-AF0A-0663CD230C2A}.Release|Any CPU.ActiveCfg = Release|Any CPU
		{9BE82113-553A-425F-AF0A-0663CD230C2A}.Release|Any CPU.Build.0 = Release|Any CPU
		{57B12639-BA0D-49D0-A924-6F91F3B52EFB}.Debug|Any CPU.ActiveCfg = Debug|Any CPU
		{57B12639-BA0D-49D0-A924-6F91F3B52EFB}.Debug|Any CPU.Build.0 = Debug|Any CPU
		{57B12639-BA0D-49D0-A924-6F91F3B52EFB}.Release|Any CPU.ActiveCfg = Release|Any CPU
		{57B12639-BA0D-49D0-A924-6F91F3B52EFB}.Release|Any CPU.Build.0 = Release|Any CPU
		{39C1D235-5CCF-4839-9CA3-F8FE69765A75}.Debug|Any CPU.ActiveCfg = Debug|Any CPU
		{39C1D235-5CCF-4839-9CA3-F8FE69765A75}.Debug|Any CPU.Build.0 = Debug|Any CPU
		{39C1D235-5CCF-4839-9CA3-F8FE69765A75}.Release|Any CPU.ActiveCfg = Release|Any CPU
		{39C1D235-5CCF-4839-9CA3-F8FE69765A75}.Release|Any CPU.Build.0 = Release|Any CPU
	EndGlobalSection
	GlobalSection(SolutionProperties) = preSolution
		HideSolutionNode = FALSE
	EndGlobalSection
	GlobalSection(NestedProjects) = preSolution
		{DC32F22D-865A-44AE-B964-04395526CE9B} = {04834618-0DB9-4EC9-8D3A-13AC1F165720}
		{A03034D9-496E-443F-AF63-1F95C5F94AAD} = {04834618-0DB9-4EC9-8D3A-13AC1F165720}
		{D52932F0-43D9-40C5-97CF-AE1811B2E932} = {04834618-0DB9-4EC9-8D3A-13AC1F165720}
		{6C2DB56F-AD3B-458A-BA3E-3668290ED815} = {0047A815-6E25-4180-B9C0-E8CF4D2D314E}
		{0DC2EE65-D48E-41FE-9309-5C3F2AC0F053} = {EB762B33-FBCE-4F1E-8006-B366464B02E4}
		{9BE82113-553A-425F-AF0A-0663CD230C2A} = {EB762B33-FBCE-4F1E-8006-B366464B02E4}
		{57B12639-BA0D-49D0-A924-6F91F3B52EFB} = {EB762B33-FBCE-4F1E-8006-B366464B02E4}
		{39C1D235-5CCF-4839-9CA3-F8FE69765A75} = {BA261816-5A98-40A0-9774-13F3980B72CC}
	EndGlobalSection
	GlobalSection(ExtensibilityGlobals) = postSolution
		SolutionGuid = {295B6BF7-9E91-4532-B1A5-A946C40406E0}
	EndGlobalSection
EndGlobal
